PODS:
  - connectivity_plus (0.0.1):
    - Flutter
    - FlutterMacOS
  - Flutter (1.0.0)
  - flutter_tts (0.0.1):
    - Flutter
  - home_widget (0.0.1):
    - Flutter
  - path_provider_foundation (0.0.1):
    - Flutter
    - FlutterMacOS
  - share (0.0.1):
    - Flutter
  - sqflite_darwin (0.0.4):
    - Flutter
    - FlutterMacOS

DEPENDENCIES:
  - connectivity_plus (from `.symlinks/plugins/connectivity_plus/darwin`)
  - Flutter (from `Flutter`)
  - flutter_tts (from `.symlinks/plugins/flutter_tts/ios`)
  - home_widget (from `.symlinks/plugins/home_widget/ios`)
  - path_provider_foundation (from `.symlinks/plugins/path_provider_foundation/darwin`)
  - share (from `.symlinks/plugins/share/ios`)
  - sqflite_darwin (from `.symlinks/plugins/sqflite_darwin/darwin`)

EXTERNAL SOURCES:
  connectivity_plus:
    :path: ".symlinks/plugins/connectivity_plus/darwin"
  Flutter:
    :path: Flutter
  flutter_tts:
    :path: ".symlinks/plugins/flutter_tts/ios"
  home_widget:
    :path: ".symlinks/plugins/home_widget/ios"
  path_provider_foundation:
    :path: ".symlinks/plugins/path_provider_foundation/darwin"
  share:
    :path: ".symlinks/plugins/share/ios"
  sqflite_darwin:
    :path: ".symlinks/plugins/sqflite_darwin/darwin"

SPEC CHECKSUMS:
  connectivity_plus: 18382e7311ba19efcaee94442b23b32507b20695
  Flutter: e0871f40cf51350855a761d2e70bf5af5b9b5de7
  flutter_tts: 0f492aab6accf87059b72354fcb4ba934304771d
  home_widget: 0434835a4c9a75704264feff6be17ea40e0f0d57
  path_provider_foundation: 2b6b4c569c0fb62ec74538f866245ac84301af46
  share: 0b2c3e82132f5888bccca3351c504d0003b3b410
  sqflite_darwin: 5a7236e3b501866c1c9befc6771dfd73ffb8702d

PODFILE CHECKSUM: 0805b11bfb13bd44fc55fe52946ce14f22a2998e

COCOAPODS: 1.16.2
